github.com/isaacoh92/maelstrom-challenge/maelstrom-utils v0.0.0-20230310235230-6fcda18e039c h1:0bL8nHPz1lv/FTtfBCmkeTdK+Z/2yMekVcIBzvP+hj8=
github.com/isaacoh92/maelstrom-challenge/maelstrom-utils v0.0.0-20230310235230-6fcda18e039c/go.mod h1:pqO4zdF6LXE2clQTSHjU2Ny7/9JtFazN+AB50z9xm8c=
github.com/jepsen-io/maelstrom/demo/go v0.0.0-20230228144258-93f15782f204 h1:MxoD0ZiUM8roAesy3vD5SvYxt2sY7FJQquoXWAfvAmY=
github.com/jepsen-io/maelstrom/demo/go v0.0.0-20230228144258-93f15782f204/go.mod h1:i6aVIs5AIOOaQF1lAisBm7DDeWM1Iopf+26UxjagsCU=
golang.org/x/exp v0.0.0-20230224173230-c95f2b4c22f2 h1:Jvc7gsqn21cJHCmAWx0LiimpP18LZmUxkT5Mp7EZ1mI=
golang.org/x/exp v0.0.0-20230224173230-c95f2b4c22f2/go.mod h1:CxIveKay+FTh1D0yPZemJVgC/95VzuuOLq5Qi4xnoYc=
