github.com/jepsen-io/maelstrom/demo/go v0.0.0-20230113211434-22f433519054 h1:NF9yM6z/+jj+LpIsv9dBzF3o4IOgVjqg6hkpuxy55mc=
github.com/jepsen-io/maelstrom/demo/go v0.0.0-20230113211434-22f433519054/go.mod h1:i6aVIs5AIOOaQF1lAisBm7DDeWM1Iopf+26UxjagsCU=
golang.org/x/exp v0.0.0-20230224173230-c95f2b4c22f2 h1:Jvc7gsqn21cJHCmAWx0LiimpP18LZmUxkT5Mp7EZ1mI=
golang.org/x/exp v0.0.0-20230224173230-c95f2b4c22f2/go.mod h1:CxIveKay+FTh1D0yPZemJVgC/95VzuuOLq5Qi4xnoYc=
