github.com/isaacoh92/maelstrom-challenge/maelstrom-utils v0.0.0-20230304061332-50c992aed5a8 h1:cLXuKhJBXXkJeJx2Kd+AxWty4ZVzfDMqGiyO4NUer4I=
github.com/isaacoh92/maelstrom-challenge/maelstrom-utils v0.0.0-20230304061332-50c992aed5a8/go.mod h1:XHnyio082U7uideJVsC2z56tyn4vHG7sEwx0ISERgVo=
github.com/isaacoh92/maelstrom-challenge/maelstrom-utils v0.0.0-20230310220913-67e0332e9801 h1:+PzbcgPm+SBo2tImnjslRYE23UGucrfQNvRFoabRXN4=
github.com/isaacoh92/maelstrom-challenge/maelstrom-utils v0.0.0-20230310220913-67e0332e9801/go.mod h1:pqO4zdF6LXE2clQTSHjU2Ny7/9JtFazN+AB50z9xm8c=
github.com/isaacoh92/maelstrom-challenge/maelstrom-utils v0.0.0-20230310222552-18d7f87c3406 h1:Xy0Y5nrdPxRcjqrSEl6IX9KrDmvPM6se36Z7vrOnTgQ=
github.com/isaacoh92/maelstrom-challenge/maelstrom-utils v0.0.0-20230310222552-18d7f87c3406/go.mod h1:pqO4zdF6LXE2clQTSHjU2Ny7/9JtFazN+AB50z9xm8c=
github.com/isaacoh92/maelstrom-challenge/maelstrom-utils v0.0.0-20230310222703-d9f9b901b9a8 h1:+7WXR3RJuVYCR3PPBajeYARcpACXa/ozdvgTmds96ek=
github.com/isaacoh92/maelstrom-challenge/maelstrom-utils v0.0.0-20230310222703-d9f9b901b9a8/go.mod h1:pqO4zdF6LXE2clQTSHjU2Ny7/9JtFazN+AB50z9xm8c=
github.com/isaacoh92/maelstrom-challenge/maelstrom-utils v0.0.0-20230310222906-f5aaa17650b2 h1:sNqp70fbYnbxtFrPnEqTpkfQ4U12BiFD4YBUSJxMx9s=
github.com/isaacoh92/maelstrom-challenge/maelstrom-utils v0.0.0-20230310222906-f5aaa17650b2/go.mod h1:pqO4zdF6LXE2clQTSHjU2Ny7/9JtFazN+AB50z9xm8c=
github.com/isaacoh92/maelstrom-challenge/maelstrom-utils v0.0.0-20230310223424-150433dd668e h1:4sLG0+wZS0/ZmRDQbz4BlKzxWx1oe500IVPdC7PCPBg=
github.com/isaacoh92/maelstrom-challenge/maelstrom-utils v0.0.0-20230310223424-150433dd668e/go.mod h1:pqO4zdF6LXE2clQTSHjU2Ny7/9JtFazN+AB50z9xm8c=
github.com/isaacoh92/maelstrom-challenge/maelstrom-utils v0.0.0-20230310223717-e154fbe240fd h1:Dr/NhT/PND0F3E2uCgpbAvKoZNo+kkc4/sa73+kYeBc=
github.com/isaacoh92/maelstrom-challenge/maelstrom-utils v0.0.0-20230310223717-e154fbe240fd/go.mod h1:pqO4zdF6LXE2clQTSHjU2Ny7/9JtFazN+AB50z9xm8c=
github.com/isaacoh92/maelstrom-challenge/maelstrom-utils v0.0.0-20230310224458-f01cd7b07465 h1:tqTe9I/TKEVT7q40wnkpeZAFXscdBlatgPXXY9d+MQo=
github.com/isaacoh92/maelstrom-challenge/maelstrom-utils v0.0.0-20230310224458-f01cd7b07465/go.mod h1:pqO4zdF6LXE2clQTSHjU2Ny7/9JtFazN+AB50z9xm8c=
github.com/isaacoh92/maelstrom-challenge/maelstrom-utils v0.0.0-20230310225058-506f14a3d6ae h1:HgFULKCvMGG4IBwvoBfdrBYBMCiwsQUN7D6yrZofwMA=
github.com/isaacoh92/maelstrom-challenge/maelstrom-utils v0.0.0-20230310225058-506f14a3d6ae/go.mod h1:pqO4zdF6LXE2clQTSHjU2Ny7/9JtFazN+AB50z9xm8c=
github.com/isaacoh92/maelstrom-challenge/maelstrom-utils v0.0.0-20230310231851-da971a7d2a37 h1:rxJphLvSiA6+Lb9b+/K7TToyKVGZWX7BnICRbbML8kQ=
github.com/isaacoh92/maelstrom-challenge/maelstrom-utils v0.0.0-20230310231851-da971a7d2a37/go.mod h1:pqO4zdF6LXE2clQTSHjU2Ny7/9JtFazN+AB50z9xm8c=
github.com/isaacoh92/maelstrom-challenge/maelstrom-utils v0.0.0-20230311053334-12d631d3d5a0 h1:TK8aoghpv++unSDLPjig9MUBWpmj6lVBCrxPAulz+hA=
github.com/isaacoh92/maelstrom-challenge/maelstrom-utils v0.0.0-20230311053334-12d631d3d5a0/go.mod h1:pqO4zdF6LXE2clQTSHjU2Ny7/9JtFazN+AB50z9xm8c=
github.com/isaacoh92/maelstrom-challenge/maelstrom-utils v0.0.0-20230311054542-9241e3066b72 h1:na8A7MPICPPcjnBiy7VrKuohewbJYl8kWquGiO5Ig0w=
github.com/isaacoh92/maelstrom-challenge/maelstrom-utils v0.0.0-20230311054542-9241e3066b72/go.mod h1:pqO4zdF6LXE2clQTSHjU2Ny7/9JtFazN+AB50z9xm8c=
github.com/isaacoh92/maelstrom-challenge/maelstrom-utils v0.0.0-20230311060250-8c0b1df78d06 h1:AN5vYnaqh55WtiJN5UJyU+I0nWPcNTbRC6iclszFW1o=
github.com/isaacoh92/maelstrom-challenge/maelstrom-utils v0.0.0-20230311060250-8c0b1df78d06/go.mod h1:pqO4zdF6LXE2clQTSHjU2Ny7/9JtFazN+AB50z9xm8c=
github.com/isaacoh92/maelstrom-challenge/maelstrom-utils v0.0.0-20230311060420-5e82e560d310 h1:KM6Cj/MkmWE7/hc9JujOta9TpXnJEsvjKwlCjC6z3dA=
github.com/isaacoh92/maelstrom-challenge/maelstrom-utils v0.0.0-20230311060420-5e82e560d310/go.mod h1:pqO4zdF6LXE2clQTSHjU2Ny7/9JtFazN+AB50z9xm8c=
github.com/isaacoh92/maelstrom-challenge/maelstrom-utils v0.0.0-20230311060727-70cdee3922d5 h1:oGVH0hjvWKg6IhAX6d0tASWlCEgcN3yqCr9hciWCinw=
github.com/isaacoh92/maelstrom-challenge/maelstrom-utils v0.0.0-20230311060727-70cdee3922d5/go.mod h1:pqO4zdF6LXE2clQTSHjU2Ny7/9JtFazN+AB50z9xm8c=
github.com/jepsen-io/maelstrom/demo/go v0.0.0-20230228144258-93f15782f204 h1:MxoD0ZiUM8roAesy3vD5SvYxt2sY7FJQquoXWAfvAmY=
github.com/jepsen-io/maelstrom/demo/go v0.0.0-20230228144258-93f15782f204/go.mod h1:i6aVIs5AIOOaQF1lAisBm7DDeWM1Iopf+26UxjagsCU=
golang.org/x/exp v0.0.0-20230224173230-c95f2b4c22f2 h1:Jvc7gsqn21cJHCmAWx0LiimpP18LZmUxkT5Mp7EZ1mI=
golang.org/x/exp v0.0.0-20230224173230-c95f2b4c22f2/go.mod h1:CxIveKay+FTh1D0yPZemJVgC/95VzuuOLq5Qi4xnoYc=
